
Microsoft Visual Studio Solution File, Format Version 12.00
# Visual Studio Version 17
VisualStudioVersion = 17.13.35931.197 d17.13
MinimumVisualStudioVersion = 10.0.40219.1
Project("{FAE04EC0-301F-11D3-BF4B-00C04F79EFBC}") = "tema7", "tema7.csproj", "{DC851045-3CF8-41BF-9118-67D7498BA5F6}"
EndProject
Global
	GlobalSection(SolutionConfigurationPlatforms) = preSolution
		Debug|Any CPU = Debug|Any CPU
		Release|Any CPU = Release|Any CPU
	EndGlobalSection
	GlobalSection(ProjectConfigurationPlatforms) = postSolution
		{DC851045-3CF8-41BF-9118-67D7498BA5F6}.Debug|Any CPU.ActiveCfg = Debug|Any CPU
		{DC851045-3CF8-41BF-9118-67D7498BA5F6}.Debug|Any CPU.Build.0 = Debug|Any CPU
		{DC851045-3CF8-41BF-9118-67D7498BA5F6}.Release|Any CPU.ActiveCfg = Release|Any CPU
		{DC851045-3CF8-41BF-9118-67D7498BA5F6}.Release|Any CPU.Build.0 = Release|Any CPU
	EndGlobalSection
	GlobalSection(SolutionProperties) = preSolution
		HideSolutionNode = FALSE
	EndGlobalSection
	GlobalSection(ExtensibilityGlobals) = postSolution
		SolutionGuid = {D7DAEAB0-12D4-40FD-9B14-9A8DABDCE4BC}
	EndGlobalSection
EndGlobal
